{
  "requires": true,
  "lockfileVersion": 1,
  "dependencies": {
    "jslinq": {
      "version": "1.0.22",
      "resolved": "https://registry.npmjs.org/jslinq/-/jslinq-1.0.22.tgz",
      "integrity": "sha512-jfuqYok2cB1fPBF/t1Icbp1bpdjaVwUlePETIaaigqTVEjEGghcEcREx14UFm82rK49UdPrkSMN/Kb7UeHkvpw=="
    },
    "typescriptlinq": {
      "version": "1.0.249",
      "resolved": "https://registry.npmjs.org/typescriptlinq/-/typescriptlinq-1.0.249.tgz",
      "integrity": "sha512-L9to51us6+52WnyYY+Csfw5FvSoJgbA5Jwnaqjz4x7uYr8gTHew5tC34gbIwPs2FblyJ4RYykmp+T7mBDebjRg=="
    },
    "component/emitter":"master",
    "node-pinus/pinus-protocol": "master",
    "pinusnode/pinus-protobuf": "*",
    "pinusnode/pinus-jsclient-websocket": "master"
  }
}
